# THIS IS AN AUTOGENERATED FILE. DO NOT EDIT THIS FILE DIRECTLY.
# yarn lockfile v1


"@types/left-pad@^1.1.1":
  version "1.1.1"
  resolved "https://registry.yarnpkg.com/@types/left-pad/-/left-pad-1.1.1.tgz#29ab68a1a10e849140c9ba3e71a412534dfa0c7b"

"@types/lodash@^4.14.72":
  version "4.14.72"
  resolved "https://registry.yarnpkg.com/@types/lodash/-/lodash-4.14.72.tgz#f090cf6eb1fee1647a0efa1ebe18b0b78ed551c6"
