# THIS IS AN AUTOGENERATED FILE. DO NOT EDIT THIS FILE DIRECTLY.
# yarn lockfile v1


left-pad@1.1.2:
  version "1.1.2"
  resolved "https://registry.yarnpkg.com/left-pad/-/left-pad-1.1.2.tgz#b46d4b36116fafb6f2814c30ecf3247bdfd842f7"
  integrity sha1-tG1LNhFvr7bygUww7PMke9/YQvc=

lodash@^4.17.21:
  version "4.17.21"
  resolved "https://registry.yarnpkg.com/lodash/-/lodash-4.17.21.tgz#679591c564c3bffaae8454cf0b3df370c3d6911c"
  integrity sha512-v2kDEe57lecTulaDIuNTPy3Ry4gLGJ6Z1O3vE1krgXZNrsQ+LFTGHVxVjcXPs17LhbZVGedAJv8XZ1tvj5FvSg==

underscore@^1.12.0:
  version "1.12.0"
  resolved "https://registry.yarnpkg.com/underscore/-/underscore-1.12.0.tgz#4814940551fc80587cef7840d1ebb0f16453be97"
  integrity sha512-21rQzss/XPMjolTiIezSu3JAjgagXKROtNrYFEOWK109qY1Uv2tVjPTZ1ci2HgvQDA16gHYSthQIJfB+XId/rQ==

zfs@^1.3.0:
  version "1.3.0"
  resolved "https://registry.yarnpkg.com/zfs/-/zfs-1.3.0.tgz#aa5e2e5469da762273e16361ec9d7822e44b4ae4"
  integrity sha1-ql4uVGnadiJz4WNh7J14IuRLSuQ=
